// !$*UTF8*$!
{
	archiveVersion = 1;
	classes = {
	};
	objectVersion = 46;
	objects = {

/* Begin PBXBuildFile section */
		65A589071AEA4EEF00C67D6F /* AppDelegate.swift in Sources */ = {isa = PBXBuildFile; fileRef = 65A589061AEA4EEF00C67D6F /* AppDelegate.swift */; };
		65A589091AEA4EEF00C67D6F /* ViewController.swift in Sources */ = {isa = PBXBuildFile; fileRef = 65A589081AEA4EEF00C67D6F /* ViewController.swift */; };
		65A5890C1AEA4EEF00C67D6F /* Main.storyboard in Resources */ = {isa = PBXBuildFile; fileRef = 65A5890A1AEA4EEF00C67D6F /* Main.storyboard */; };
		65A5890E1AEA4EEF00C67D6F /* Images.xcassets in Resources */ = {isa = PBXBuildFile; fileRef = 65A5890D1AEA4EEF00C67D6F /* Images.xcassets */; };
		65A589111AEA4EEF00C67D6F /* LaunchScreen.xib in Resources */ = {isa = PBXBuildFile; fileRef = 65A5890F1AEA4EEF00C67D6F /* LaunchScreen.xib */; };
		65A5891D1AEA4EEF00C67D6F /* GachaTests.swift in Sources */ = {isa = PBXBuildFile; fileRef = 65A5891C1AEA4EEF00C67D6F /* GachaTests.swift */; };
		65A5893D1AEA4FF700C67D6F /* AnimationUtility.swift in Sources */ = {isa = PBXBuildFile; fileRef = 65A589271AEA4FF700C67D6F /* AnimationUtility.swift */; };
		65A5893E1AEA4FF700C67D6F /* bg_blue@2x.png in Resources */ = {isa = PBXBuildFile; fileRef = 65A589291AEA4FF700C67D6F /* bg_blue@2x.png */; };
		65A5893F1AEA4FF700C67D6F /* bg_gold@2x.png in Resources */ = {isa = PBXBuildFile; fileRef = 65A5892A1AEA4FF700C67D6F /* bg_gold@2x.png */; };
		65A589401AEA4FF700C67D6F /* bg_red@2x.png in Resources */ = {isa = PBXBuildFile; fileRef = 65A5892B1AEA4FF700C67D6F /* bg_red@2x.png */; };
		65A589411AEA4FF700C67D6F /* gacha@2x(2).png in Resources */ = {isa = PBXBuildFile; fileRef = 65A5892C1AEA4FF700C67D6F /* gacha@2x(2).png */; };
		65A589421AEA4FF700C67D6F /* gacha@2x.png in Resources */ = {isa = PBXBuildFile; fileRef = 65A5892D1AEA4FF700C67D6F /* gacha@2x.png */; };
		65A589431AEA4FF700C67D6F /* Default-568h@2x.png in Resources */ = {isa = PBXBuildFile; fileRef = 65A5892F1AEA4FF700C67D6F /* Default-568h@2x.png */; };
		65A589441AEA4FF700C67D6F /* Default-667h@2x.png in Resources */ = {isa = PBXBuildFile; fileRef = 65A589301AEA4FF700C67D6F /* Default-667h@2x.png */; };
		65A589451AEA4FF700C67D6F /* Default-736h@3x.png in Resources */ = {isa = PBXBuildFile; fileRef = 65A589311AEA4FF700C67D6F /* Default-736h@3x.png */; };
		65A589461AEA4FF700C67D6F /* monster001.png in Resources */ = {isa = PBXBuildFile; fileRef = 65A589331AEA4FF700C67D6F /* monster001.png */; };
		65A589471AEA4FF700C67D6F /* monster002.png in Resources */ = {isa = PBXBuildFile; fileRef = 65A589341AEA4FF700C67D6F /* monster002.png */; };
		65A589481AEA4FF700C67D6F /* monster003.png in Resources */ = {isa = PBXBuildFile; fileRef = 65A589351AEA4FF700C67D6F /* monster003.png */; };
		65A589491AEA4FF700C67D6F /* monster004.png in Resources */ = {isa = PBXBuildFile; fileRef = 65A589361AEA4FF700C67D6F /* monster004.png */; };
		65A5894A1AEA4FF700C67D6F /* monster005.png in Resources */ = {isa = PBXBuildFile; fileRef = 65A589371AEA4FF700C67D6F /* monster005.png */; };
		65A5894B1AEA4FF700C67D6F /* monster006.png in Resources */ = {isa = PBXBuildFile; fileRef = 65A589381AEA4FF700C67D6F /* monster006.png */; };
		65A5894C1AEA4FF700C67D6F /* monster007.png in Resources */ = {isa = PBXBuildFile; fileRef = 65A589391AEA4FF700C67D6F /* monster007.png */; };
		65A5894D1AEA4FF700C67D6F /* monster008.png in Resources */ = {isa = PBXBuildFile; fileRef = 65A5893A1AEA4FF700C67D6F /* monster008.png */; };
		65A5894E1AEA4FF700C67D6F /* monster009.png in Resources */ = {isa = PBXBuildFile; fileRef = 65A5893B1AEA4FF700C67D6F /* monster009.png */; };
		65A5894F1AEA4FF700C67D6F /* monster010.png in Resources */ = {isa = PBXBuildFile; fileRef = 65A5893C1AEA4FF700C67D6F /* monster010.png */; };
		65A589511AEA56D200C67D6F /* ResultViewController.swift in Sources */ = {isa = PBXBuildFile; fileRef = 65A589501AEA56D200C67D6F /* ResultViewController.swift */; };
/* End PBXBuildFile section */

/* Begin PBXContainerItemProxy section */
		65A589171AEA4EEF00C67D6F /* PBXContainerItemProxy */ = {
			isa = PBXContainerItemProxy;
			containerPortal = 65A588F91AEA4EEF00C67D6F /* Project object */;
			proxyType = 1;
			remoteGlobalIDString = 65A589001AEA4EEF00C67D6F;
			remoteInfo = Gacha;
		};
/* End PBXContainerItemProxy section */

/* Begin PBXFileReference section */
		65A589011AEA4EEF00C67D6F /* Gacha.app */ = {isa = PBXFileReference; explicitFileType = wrapper.application; includeInIndex = 0; path = Gacha.app; sourceTree = BUILT_PRODUCTS_DIR; };
		65A589051AEA4EEF00C67D6F /* Info.plist */ = {isa = PBXFileReference; lastKnownFileType = text.plist.xml; path = Info.plist; sourceTree = "<group>"; };
		65A589061AEA4EEF00C67D6F /* AppDelegate.swift */ = {isa = PBXFileReference; lastKnownFileType = sourcecode.swift; path = AppDelegate.swift; sourceTree = "<group>"; };
		65A589081AEA4EEF00C67D6F /* ViewController.swift */ = {isa = PBXFileReference; lastKnownFileType = sourcecode.swift; path = ViewController.swift; sourceTree = "<group>"; };
		65A5890B1AEA4EEF00C67D6F /* Base */ = {isa = PBXFileReference; lastKnownFileType = file.storyboard; name = Base; path = Base.lproj/Main.storyboard; sourceTree = "<group>"; };
		65A5890D1AEA4EEF00C67D6F /* Images.xcassets */ = {isa = PBXFileReference; lastKnownFileType = folder.assetcatalog; path = Images.xcassets; sourceTree = "<group>"; };
		65A589101AEA4EEF00C67D6F /* Base */ = {isa = PBXFileReference; lastKnownFileType = file.xib; name = Base; path = Base.lproj/LaunchScreen.xib; sourceTree = "<group>"; };
		65A589161AEA4EEF00C67D6F /* GachaTests.xctest */ = {isa = PBXFileReference; explicitFileType = wrapper.cfbundle; includeInIndex = 0; path = GachaTests.xctest; sourceTree = BUILT_PRODUCTS_DIR; };
		65A5891B1AEA4EEF00C67D6F /* Info.plist */ = {isa = PBXFileReference; lastKnownFileType = text.plist.xml; path = Info.plist; sourceTree = "<group>"; };
		65A5891C1AEA4EEF00C67D6F /* GachaTests.swift */ = {isa = PBXFileReference; lastKnownFileType = sourcecode.swift; path = GachaTests.swift; sourceTree = "<group>"; };
		65A589271AEA4FF700C67D6F /* AnimationUtility.swift */ = {isa = PBXFileReference; fileEncoding = 4; lastKnownFileType = sourcecode.swift; path = AnimationUtility.swift; sourceTree = "<group>"; };
		65A589291AEA4FF700C67D6F /* bg_blue@2x.png */ = {isa = PBXFileReference; lastKnownFileType = image.png; path = "bg_blue@2x.png"; sourceTree = "<group>"; };
		65A5892A1AEA4FF700C67D6F /* bg_gold@2x.png */ = {isa = PBXFileReference; lastKnownFileType = image.png; path = "bg_gold@2x.png"; sourceTree = "<group>"; };
		65A5892B1AEA4FF700C67D6F /* bg_red@2x.png */ = {isa = PBXFileReference; lastKnownFileType = image.png; path = "bg_red@2x.png"; sourceTree = "<group>"; };
		65A5892C1AEA4FF700C67D6F /* gacha@2x(2).png */ = {isa = PBXFileReference; lastKnownFileType = image.png; path = "gacha@2x(2).png"; sourceTree = "<group>"; };
		65A5892D1AEA4FF700C67D6F /* gacha@2x.png */ = {isa = PBXFileReference; lastKnownFileType = image.png; path = "gacha@2x.png"; sourceTree = "<group>"; };
		65A5892F1AEA4FF700C67D6F /* Default-568h@2x.png */ = {isa = PBXFileReference; lastKnownFileType = image.png; path = "Default-568h@2x.png"; sourceTree = "<group>"; };
		65A589301AEA4FF700C67D6F /* Default-667h@2x.png */ = {isa = PBXFileReference; lastKnownFileType = image.png; path = "Default-667h@2x.png"; sourceTree = "<group>"; };
		65A589311AEA4FF700C67D6F /* Default-736h@3x.png */ = {isa = PBXFileReference; lastKnownFileType = image.png; path = "Default-736h@3x.png"; sourceTree = "<group>"; };
		65A589331AEA4FF700C67D6F /* monster001.png */ = {isa = PBXFileReference; lastKnownFileType = image.png; path = monster001.png; sourceTree = "<group>"; };
		65A589341AEA4FF700C67D6F /* monster002.png */ = {isa = PBXFileReference; lastKnownFileType = image.png; path = monster002.png; sourceTree = "<group>"; };
		65A589351AEA4FF700C67D6F /* monster003.png */ = {isa = PBXFileReference; lastKnownFileType = image.png; path = monster003.png; sourceTree = "<group>"; };
		65A589361AEA4FF700C67D6F /* monster004.png */ = {isa = PBXFileReference; lastKnownFileType = image.png; path = monster004.png; sourceTree = "<group>"; };
		65A589371AEA4FF700C67D6F /* monster005.png */ = {isa = PBXFileReference; lastKnownFileType = image.png; path = monster005.png; sourceTree = "<group>"; };
		65A589381AEA4FF700C67D6F /* monster006.png */ = {isa = PBXFileReference; lastKnownFileType = image.png; path = monster006.png; sourceTree = "<group>"; };
		65A589391AEA4FF700C67D6F /* monster007.png */ = {isa = PBXFileReference; lastKnownFileType = image.png; path = monster007.png; sourceTree = "<group>"; };
		65A5893A1AEA4FF700C67D6F /* monster008.png */ = {isa = PBXFileReference; lastKnownFileType = image.png; path = monster008.png; sourceTree = "<group>"; };
		65A5893B1AEA4FF700C67D6F /* monster009.png */ = {isa = PBXFileReference; lastKnownFileType = image.png; path = monster009.png; sourceTree = "<group>"; };
		65A5893C1AEA4FF700C67D6F /* monster010.png */ = {isa = PBXFileReference; lastKnownFileType = image.png; path = monster010.png; sourceTree = "<group>"; };
		65A589501AEA56D200C67D6F /* ResultViewController.swift */ = {isa = PBXFileReference; fileEncoding = 4; lastKnownFileType = sourcecode.swift; path = ResultViewController.swift; sourceTree = "<group>"; };
/* End PBXFileReference section */

/* Begin PBXFrameworksBuildPhase section */
		65A588FE1AEA4EEF00C67D6F /* Frameworks */ = {
			isa = PBXFrameworksBuildPhase;
			buildActionMask = 2147483647;
			files = (
			);
			runOnlyForDeploymentPostprocessing = 0;
		};
		65A589131AEA4EEF00C67D6F /* Frameworks */ = {
			isa = PBXFrameworksBuildPhase;
			buildActionMask = 2147483647;
			files = (
			);
			runOnlyForDeploymentPostprocessing = 0;
		};
/* End PBXFrameworksBuildPhase section */

/* Begin PBXGroup section */
		65A588F81AEA4EEF00C67D6F = {
			isa = PBXGroup;
			children = (
				65A589031AEA4EEF00C67D6F /* Gacha */,
				65A589191AEA4EEF00C67D6F /* GachaTests */,
				65A589021AEA4EEF00C67D6F /* Products */,
			);
			sourceTree = "<group>";
		};
		65A589021AEA4EEF00C67D6F /* Products */ = {
			isa = PBXGroup;
			children = (
				65A589011AEA4EEF00C67D6F /* Gacha.app */,
				65A589161AEA4EEF00C67D6F /* GachaTests.xctest */,
			);
			name = Products;
			sourceTree = "<group>";
		};
		65A589031AEA4EEF00C67D6F /* Gacha */ = {
			isa = PBXGroup;
			children = (
				65A589261AEA4FF700C67D6F /* GachaResources */,
				65A589061AEA4EEF00C67D6F /* AppDelegate.swift */,
				65A589081AEA4EEF00C67D6F /* ViewController.swift */,
				65A5890A1AEA4EEF00C67D6F /* Main.storyboard */,
				65A5890D1AEA4EEF00C67D6F /* Images.xcassets */,
				65A5890F1AEA4EEF00C67D6F /* LaunchScreen.xib */,
				65A589041AEA4EEF00C67D6F /* Supporting Files */,
				65A589501AEA56D200C67D6F /* ResultViewController.swift */,
			);
			path = Gacha;
			sourceTree = "<group>";
		};
		65A589041AEA4EEF00C67D6F /* Supporting Files */ = {
			isa = PBXGroup;
			children = (
				65A589051AEA4EEF00C67D6F /* Info.plist */,
			);
			name = "Supporting Files";
			sourceTree = "<group>";
		};
		65A589191AEA4EEF00C67D6F /* GachaTests */ = {
			isa = PBXGroup;
			children = (
				65A5891C1AEA4EEF00C67D6F /* GachaTests.swift */,
				65A5891A1AEA4EEF00C67D6F /* Supporting Files */,
			);
			path = GachaTests;
			sourceTree = "<group>";
		};
		65A5891A1AEA4EEF00C67D6F /* Supporting Files */ = {
			isa = PBXGroup;
			children = (
				65A5891B1AEA4EEF00C67D6F /* Info.plist */,
			);
			name = "Supporting Files";
			sourceTree = "<group>";
		};
		65A589261AEA4FF700C67D6F /* GachaResources */ = {
			isa = PBXGroup;
			children = (
				65A589271AEA4FF700C67D6F /* AnimationUtility.swift */,
				65A589281AEA4FF700C67D6F /* background */,
				65A5892E1AEA4FF700C67D6F /* Defaults */,
				65A589321AEA4FF700C67D6F /* monster */,
			);
			path = GachaResources;
			sourceTree = "<group>";
		};
		65A589281AEA4FF700C67D6F /* background */ = {
			isa = PBXGroup;
			children = (
				65A589291AEA4FF700C67D6F /* bg_blue@2x.png */,
				65A5892A1AEA4FF700C67D6F /* bg_gold@2x.png */,
				65A5892B1AEA4FF700C67D6F /* bg_red@2x.png */,
				65A5892C1AEA4FF700C67D6F /* gacha@2x(2).png */,
				65A5892D1AEA4FF700C67D6F /* gacha@2x.png */,
			);
			path = background;
			sourceTree = "<group>";
		};
		65A5892E1AEA4FF700C67D6F /* Defaults */ = {
			isa = PBXGroup;
			children = (
				65A5892F1AEA4FF700C67D6F /* Default-568h@2x.png */,
				65A589301AEA4FF700C67D6F /* Default-667h@2x.png */,
				65A589311AEA4FF700C67D6F /* Default-736h@3x.png */,
			);
			path = Defaults;
			sourceTree = "<group>";
		};
		65A589321AEA4FF700C67D6F /* monster */ = {
			isa = PBXGroup;
			children = (
				65A589331AEA4FF700C67D6F /* monster001.png */,
				65A589341AEA4FF700C67D6F /* monster002.png */,
				65A589351AEA4FF700C67D6F /* monster003.png */,
				65A589361AEA4FF700C67D6F /* monster004.png */,
				65A589371AEA4FF700C67D6F /* monster005.png */,
				65A589381AEA4FF700C67D6F /* monster006.png */,
				65A589391AEA4FF700C67D6F /* monster007.png */,
				65A5893A1AEA4FF700C67D6F /* monster008.png */,
				65A5893B1AEA4FF700C67D6F /* monster009.png */,
				65A5893C1AEA4FF700C67D6F /* monster010.png */,
			);
			path = monster;
			sourceTree = "<group>";
		};
/* End PBXGroup section */

/* Begin PBXNativeTarget section */
		65A589001AEA4EEF00C67D6F /* Gacha */ = {
			isa = PBXNativeTarget;
			buildConfigurationList = 65A589201AEA4EEF00C67D6F /* Build configuration list for PBXNativeTarget "Gacha" */;
			buildPhases = (
				65A588FD1AEA4EEF00C67D6F /* Sources */,
				65A588FE1AEA4EEF00C67D6F /* Frameworks */,
				65A588FF1AEA4EEF00C67D6F /* Resources */,
			);
			buildRules = (
			);
			dependencies = (
			);
			name = Gacha;
			productName = Gacha;
			productReference = 65A589011AEA4EEF00C67D6F /* Gacha.app */;
			productType = "com.apple.product-type.application";
		};
		65A589151AEA4EEF00C67D6F /* GachaTests */ = {
			isa = PBXNativeTarget;
			buildConfigurationList = 65A589231AEA4EEF00C67D6F /* Build configuration list for PBXNativeTarget "GachaTests" */;
			buildPhases = (
				65A589121AEA4EEF00C67D6F /* Sources */,
				65A589131AEA4EEF00C67D6F /* Frameworks */,
				65A589141AEA4EEF00C67D6F /* Resources */,
			);
			buildRules = (
			);
			dependencies = (
				65A589181AEA4EEF00C67D6F /* PBXTargetDependency */,
			);
			name = GachaTests;
			productName = GachaTests;
			productReference = 65A589161AEA4EEF00C67D6F /* GachaTests.xctest */;
			productType = "com.apple.product-type.bundle.unit-test";
		};
/* End PBXNativeTarget section */

/* Begin PBXProject section */
		65A588F91AEA4EEF00C67D6F /* Project object */ = {
			isa = PBXProject;
			attributes = {
				LastUpgradeCheck = 0620;
				ORGANIZATIONNAME = "Ayano Ohya";
				TargetAttributes = {
					65A589001AEA4EEF00C67D6F = {
						CreatedOnToolsVersion = 6.2;
					};
					65A589151AEA4EEF00C67D6F = {
						CreatedOnToolsVersion = 6.2;
						TestTargetID = 65A589001AEA4EEF00C67D6F;
					};
				};
			};
			buildConfigurationList = 65A588FC1AEA4EEF00C67D6F /* Build configuration list for PBXProject "Gacha" */;
			compatibilityVersion = "Xcode 3.2";
			developmentRegion = English;
			hasScannedForEncodings = 0;
			knownRegions = (
				en,
				Base,
			);
			mainGroup = 65A588F81AEA4EEF00C67D6F;
			productRefGroup = 65A589021AEA4EEF00C67D6F /* Products */;
			projectDirPath = "";
			projectRoot = "";
			targets = (
				65A589001AEA4EEF00C67D6F /* Gacha */,
				65A589151AEA4EEF00C67D6F /* GachaTests */,
			);
		};
/* End PBXProject section */

/* Begin PBXResourcesBuildPhase section */
		65A588FF1AEA4EEF00C67D6F /* Resources */ = {
			isa = PBXResourcesBuildPhase;
			buildActionMask = 2147483647;
			files = (
				65A5894B1AEA4FF700C67D6F /* monster006.png in Resources */,
				65A5890C1AEA4EEF00C67D6F /* Main.storyboard in Resources */,
				65A589471AEA4FF700C67D6F /* monster002.png in Resources */,
				65A5893F1AEA4FF700C67D6F /* bg_gold@2x.png in Resources */,
				65A589431AEA4FF700C67D6F /* Default-568h@2x.png in Resources */,
				65A589491AEA4FF700C67D6F /* monster004.png in Resources */,
				65A589451AEA4FF700C67D6F /* Default-736h@3x.png in Resources */,
				65A589111AEA4EEF00C67D6F /* LaunchScreen.xib in Resources */,
				65A589411AEA4FF700C67D6F /* gacha@2x(2).png in Resources */,
				65A5894F1AEA4FF700C67D6F /* monster010.png in Resources */,
				65A5890E1AEA4EEF00C67D6F /* Images.xcassets in Resources */,
				65A5894C1AEA4FF700C67D6F /* monster007.png in Resources */,
				65A589421AEA4FF700C67D6F /* gacha@2x.png in Resources */,
				65A5893E1AEA4FF700C67D6F /* bg_blue@2x.png in Resources */,
				65A5894D1AEA4FF700C67D6F /* monster008.png in Resources */,
				65A5894E1AEA4FF700C67D6F /* monster009.png in Resources */,
				65A589481AEA4FF700C67D6F /* monster003.png in Resources */,
				65A589401AEA4FF700C67D6F /* bg_red@2x.png in Resources */,
				65A589461AEA4FF700C67D6F /* monster001.png in Resources */,
				65A5894A1AEA4FF700C67D6F /* monster005.png in Resources */,
				65A589441AEA4FF700C67D6F /* Default-667h@2x.png in Resources */,
			);
			runOnlyForDeploymentPostprocessing = 0;
		};
		65A589141AEA4EEF00C67D6F /* Resources */ = {
			isa = PBXResourcesBuildPhase;
			buildActionMask = 2147483647;
			files = (
			);
			runOnlyForDeploymentPostprocessing = 0;
		};
/* End PBXResourcesBuildPhase section */

/* Begin PBXSourcesBuildPhase section */
		65A588FD1AEA4EEF00C67D6F /* Sources */ = {
			isa = PBXSourcesBuildPhase;
			buildActionMask = 2147483647;
			files = (
				65A589091AEA4EEF00C67D6F /* ViewController.swift in Sources */,
				65A589071AEA4EEF00C67D6F /* AppDelegate.swift in Sources */,
				65A5893D1AEA4FF700C67D6F /* AnimationUtility.swift in Sources */,
				65A589511AEA56D200C67D6F /* ResultViewController.swift in Sources */,
			);
			runOnlyForDeploymentPostprocessing = 0;
		};
		65A589121AEA4EEF00C67D6F /* Sources */ = {
			isa = PBXSourcesBuildPhase;
			buildActionMask = 2147483647;
			files = (
				65A5891D1AEA4EEF00C67D6F /* GachaTests.swift in Sources */,
			);
			runOnlyForDeploymentPostprocessing = 0;
		};
/* End PBXSourcesBuildPhase section */

/* Begin PBXTargetDependency section */
		65A589181AEA4EEF00C67D6F /* PBXTargetDependency */ = {
			isa = PBXTargetDependency;
			target = 65A589001AEA4EEF00C67D6F /* Gacha */;
			targetProxy = 65A589171AEA4EEF00C67D6F /* PBXContainerItemProxy */;
		};
/* End PBXTargetDependency section */

/* Begin PBXVariantGroup section */
		65A5890A1AEA4EEF00C67D6F /* Main.storyboard */ = {
			isa = PBXVariantGroup;
			children = (
				65A5890B1AEA4EEF00C67D6F /* Base */,
			);
			name = Main.storyboard;
			sourceTree = "<group>";
		};
		65A5890F1AEA4EEF00C67D6F /* LaunchScreen.xib */ = {
			isa = PBXVariantGroup;
			children = (
				65A589101AEA4EEF00C67D6F /* Base */,
			);
			name = LaunchScreen.xib;
			sourceTree = "<group>";
		};
/* End PBXVariantGroup section */

/* Begin XCBuildConfiguration section */
		65A5891E1AEA4EEF00C67D6F /* Debug */ = {
			isa = XCBuildConfiguration;
			buildSettings = {
				ALWAYS_SEARCH_USER_PATHS = NO;
				CLANG_CXX_LANGUAGE_STANDARD = "gnu++0x";
				CLANG_CXX_LIBRARY = "libc++";
				CLANG_ENABLE_MODULES = YES;
				CLANG_ENABLE_OBJC_ARC = YES;
				CLANG_WARN_BOOL_CONVERSION = YES;
				CLANG_WARN_CONSTANT_CONVERSION = YES;
				CLANG_WARN_DIRECT_OBJC_ISA_USAGE = YES_ERROR;
				CLANG_WARN_EMPTY_BODY = YES;
				CLANG_WARN_ENUM_CONVERSION = YES;
				CLANG_WARN_INT_CONVERSION = YES;
				CLANG_WARN_OBJC_ROOT_CLASS = YES_ERROR;
				CLANG_WARN_UNREACHABLE_CODE = YES;
				CLANG_WARN__DUPLICATE_METHOD_MATCH = YES;
				"CODE_SIGN_IDENTITY[sdk=iphoneos*]" = "iPhone Developer";
				COPY_PHASE_STRIP = NO;
				ENABLE_STRICT_OBJC_MSGSEND = YES;
				GCC_C_LANGUAGE_STANDARD = gnu99;
				GCC_DYNAMIC_NO_PIC = NO;
				GCC_OPTIMIZATION_LEVEL = 0;
				GCC_PREPROCESSOR_DEFINITIONS = (
					"DEBUG=1",
					"$(inherited)",
				);
				GCC_SYMBOLS_PRIVATE_EXTERN = NO;
				GCC_WARN_64_TO_32_BIT_CONVERSION = YES;
				GCC_WARN_ABOUT_RETURN_TYPE = YES_ERROR;
				GCC_WARN_UNDECLARED_SELECTOR = YES;
				GCC_WARN_UNINITIALIZED_AUTOS = YES_AGGRESSIVE;
				GCC_WARN_UNUSED_FUNCTION = YES;
				GCC_WARN_UNUSED_VARIABLE = YES;
				IPHONEOS_DEPLOYMENT_TARGET = 8.2;
				MTL_ENABLE_DEBUG_INFO = YES;
				ONLY_ACTIVE_ARCH = YES;
				SDKROOT = iphoneos;
				SWIFT_OPTIMIZATION_LEVEL = "-Onone";
			};
			name = Debug;
		};
		65A5891F1AEA4EEF00C67D6F /* Release */ = {
			isa = XCBuildConfiguration;
			buildSettings = {
				ALWAYS_SEARCH_USER_PATHS = NO;
				CLANG_CXX_LANGUAGE_STANDARD = "gnu++0x";
				CLANG_CXX_LIBRARY = "libc++";
				CLANG_ENABLE_MODULES = YES;
				CLANG_ENABLE_OBJC_ARC = YES;
				CLANG_WARN_BOOL_CONVERSION = YES;
				CLANG_WARN_CONSTANT_CONVERSION = YES;
				CLANG_WARN_DIRECT_OBJC_ISA_USAGE = YES_ERROR;
				CLANG_WARN_EMPTY_BODY = YES;
				CLANG_WARN_ENUM_CONVERSION = YES;
				CLANG_WARN_INT_CONVERSION = YES;
				CLANG_WARN_OBJC_ROOT_CLASS = YES_ERROR;
				CLANG_WARN_UNREACHABLE_CODE = YES;
				CLANG_WARN__DUPLICATE_METHOD_MATCH = YES;
				"CODE_SIGN_IDENTITY[sdk=iphoneos*]" = "iPhone Developer";
				COPY_PHASE_STRIP = NO;
				ENABLE_NS_ASSERTIONS = NO;
				ENABLE_STRICT_OBJC_MSGSEND = YES;
				GCC_C_LANGUAGE_STANDARD = gnu99;
				GCC_WARN_64_TO_32_BIT_CONVERSION = YES;
				GCC_WARN_ABOUT_RETURN_TYPE = YES_ERROR;
				GCC_WARN_UNDECLARED_SELECTOR = YES;
				GCC_WARN_UNINITIALIZED_AUTOS = YES_AGGRESSIVE;
				GCC_WARN_UNUSED_FUNCTION = YES;
				GCC_WARN_UNUSED_VARIABLE = YES;
				IPHONEOS_DEPLOYMENT_TARGET = 8.2;
				MTL_ENABLE_DEBUG_INFO = NO;
				SDKROOT = iphoneos;
				VALIDATE_PRODUCT = YES;
			};
			name = Release;
		};
		65A589211AEA4EEF00C67D6F /* Debug */ = {
			isa = XCBuildConfiguration;
			buildSettings = {
				ASSETCATALOG_COMPILER_APPICON_NAME = AppIcon;
				INFOPLIST_FILE = Gacha/Info.plist;
				LD_RUNPATH_SEARCH_PATHS = "$(inherited) @executable_path/Frameworks";
				PRODUCT_NAME = "$(TARGET_NAME)";
			};
			name = Debug;
		};
		65A589221AEA4EEF00C67D6F /* Release */ = {
			isa = XCBuildConfiguration;
			buildSettings = {
				ASSETCATALOG_COMPILER_APPICON_NAME = AppIcon;
				INFOPLIST_FILE = Gacha/Info.plist;
				LD_RUNPATH_SEARCH_PATHS = "$(inherited) @executable_path/Frameworks";
				PRODUCT_NAME = "$(TARGET_NAME)";
			};
			name = Release;
		};
		65A589241AEA4EEF00C67D6F /* Debug */ = {
			isa = XCBuildConfiguration;
			buildSettings = {
				BUNDLE_LOADER = "$(TEST_HOST)";
				FRAMEWORK_SEARCH_PATHS = (
					"$(SDKROOT)/Developer/Library/Frameworks",
					"$(inherited)",
				);
				GCC_PREPROCESSOR_DEFINITIONS = (
					"DEBUG=1",
					"$(inherited)",
				);
				INFOPLIST_FILE = GachaTests/Info.plist;
				LD_RUNPATH_SEARCH_PATHS = "$(inherited) @executable_path/Frameworks @loader_path/Frameworks";
				PRODUCT_NAME = "$(TARGET_NAME)";
				TEST_HOST = "$(BUILT_PRODUCTS_DIR)/Gacha.app/Gacha";
			};
			name = Debug;
		};
		65A589251AEA4EEF00C67D6F /* Release */ = {
			isa = XCBuildConfiguration;
			buildSettings = {
				BUNDLE_LOADER = "$(TEST_HOST)";
				FRAMEWORK_SEARCH_PATHS = (
					"$(SDKROOT)/Developer/Library/Frameworks",
					"$(inherited)",
				);
				INFOPLIST_FILE = GachaTests/Info.plist;
				LD_RUNPATH_SEARCH_PATHS = "$(inherited) @executable_path/Frameworks @loader_path/Frameworks";
				PRODUCT_NAME = "$(TARGET_NAME)";
				TEST_HOST = "$(BUILT_PRODUCTS_DIR)/Gacha.app/Gacha";
			};
			name = Release;
		};
/* End XCBuildConfiguration section */

/* Begin XCConfigurationList section */
		65A588FC1AEA4EEF00C67D6F /* Build configuration list for PBXProject "Gacha" */ = {
			isa = XCConfigurationList;
			buildConfigurations = (
				65A5891E1AEA4EEF00C67D6F /* Debug */,
				65A5891F1AEA4EEF00C67D6F /* Release */,
			);
			defaultConfigurationIsVisible = 0;
			defaultConfigurationName = Release;
		};
		65A589201AEA4EEF00C67D6F /* Build configuration list for PBXNativeTarget "Gacha" */ = {
			isa = XCConfigurationList;
			buildConfigurations = (
				65A589211AEA4EEF00C67D6F /* Debug */,
				65A589221AEA4EEF00C67D6F /* Release */,
			);
			defaultConfigurationIsVisible = 0;
		};
		65A589231AEA4EEF00C67D6F /* Build configuration list for PBXNativeTarget "GachaTests" */ = {
			isa = XCConfigurationList;
			buildConfigurations = (
				65A589241AEA4EEF00C67D6F /* Debug */,
				65A589251AEA4EEF00C67D6F /* Release */,
			);
			defaultConfigurationIsVisible = 0;
		};
/* End XCConfigurationList section */
	};
	rootObject = 65A588F91AEA4EEF00C67D6F /* Project object */;
}
